// !$*UTF8*$!
{
	archiveVersion = 1;
	classes = {
	};
	objectVersion = 46;
	objects = {

/* Begin PBXBuildFile section */
		9579366F1EDD452200F73A09 /* AppDelegate.swift in Sources */ = {isa = PBXBuildFile; fileRef = 9579366E1EDD452200F73A09 /* AppDelegate.swift */; };
		957936711EDD452200F73A09 /* ViewController.swift in Sources */ = {isa = PBXBuildFile; fileRef = 957936701EDD452200F73A09 /* ViewController.swift */; };
		957936741EDD452200F73A09 /* Main.storyboard in Resources */ = {isa = PBXBuildFile; fileRef = 957936721EDD452200F73A09 /* Main.storyboard */; };
		957936761EDD452200F73A09 /* Assets.xcassets in Resources */ = {isa = PBXBuildFile; fileRef = 957936751EDD452200F73A09 /* Assets.xcassets */; };
		957936791EDD452200F73A09 /* LaunchScreen.storyboard in Resources */ = {isa = PBXBuildFile; fileRef = 957936771EDD452200F73A09 /* LaunchScreen.storyboard */; };
		957936811EDD457600F73A09 /* MyAnnotation.swift in Sources */ = {isa = PBXBuildFile; fileRef = 957936801EDD457600F73A09 /* MyAnnotation.swift */; };
		957936831EDD4D4400F73A09 /* MyAnnotation.xib in Resources */ = {isa = PBXBuildFile; fileRef = 957936821EDD4D4400F73A09 /* MyAnnotation.xib */; };
/* End PBXBuildFile section */

/* Begin PBXFileReference section */
		9579366B1EDD452100F73A09 /* MapDistanceSwift.app */ = {isa = PBXFileReference; explicitFileType = wrapper.application; includeInIndex = 0; path = MapDistanceSwift.app; sourceTree = BUILT_PRODUCTS_DIR; };
		9579366E1EDD452200F73A09 /* AppDelegate.swift */ = {isa = PBXFileReference; lastKnownFileType = sourcecode.swift; path = AppDelegate.swift; sourceTree = "<group>"; };
		957936701EDD452200F73A09 /* ViewController.swift */ = {isa = PBXFileReference; lastKnownFileType = sourcecode.swift; path = ViewController.swift; sourceTree = "<group>"; };
		957936731EDD452200F73A09 /* Base */ = {isa = PBXFileReference; lastKnownFileType = file.storyboard; name = Base; path = Base.lproj/Main.storyboard; sourceTree = "<group>"; };
		957936751EDD452200F73A09 /* Assets.xcassets */ = {isa = PBXFileReference; lastKnownFileType = folder.assetcatalog; path = Assets.xcassets; sourceTree = "<group>"; };
		957936781EDD452200F73A09 /* Base */ = {isa = PBXFileReference; lastKnownFileType = file.storyboard; name = Base; path = Base.lproj/LaunchScreen.storyboard; sourceTree = "<group>"; };
		9579367A1EDD452200F73A09 /* Info.plist */ = {isa = PBXFileReference; lastKnownFileType = text.plist.xml; path = Info.plist; sourceTree = "<group>"; };
		957936801EDD457600F73A09 /* MyAnnotation.swift */ = {isa = PBXFileReference; fileEncoding = 4; lastKnownFileType = sourcecode.swift; path = MyAnnotation.swift; sourceTree = "<group>"; };
		957936821EDD4D4400F73A09 /* MyAnnotation.xib */ = {isa = PBXFileReference; fileEncoding = 4; lastKnownFileType = file.xib; path = MyAnnotation.xib; sourceTree = "<group>"; };
/* End PBXFileReference section */

/* Begin PBXFrameworksBuildPhase section */
		957936681EDD452100F73A09 /* Frameworks */ = {
			isa = PBXFrameworksBuildPhase;
			buildActionMask = 2147483647;
			files = (
			);
			runOnlyForDeploymentPostprocessing = 0;
		};
/* End PBXFrameworksBuildPhase section */

/* Begin PBXGroup section */
		957936621EDD452100F73A09 = {
			isa = PBXGroup;
			children = (
				9579366D1EDD452100F73A09 /* MapDistanceSwift */,
				9579366C1EDD452100F73A09 /* Products */,
			);
			sourceTree = "<group>";
		};
		9579366C1EDD452100F73A09 /* Products */ = {
			isa = PBXGroup;
			children = (
				9579366B1EDD452100F73A09 /* MapDistanceSwift.app */,
			);
			name = Products;
			sourceTree = "<group>";
		};
		9579366D1EDD452100F73A09 /* MapDistanceSwift */ = {
			isa = PBXGroup;
			children = (
				9579366E1EDD452200F73A09 /* AppDelegate.swift */,
				957936701EDD452200F73A09 /* ViewController.swift */,
				957936801EDD457600F73A09 /* MyAnnotation.swift */,
				957936821EDD4D4400F73A09 /* MyAnnotation.xib */,
				957936721EDD452200F73A09 /* Main.storyboard */,
				957936751EDD452200F73A09 /* Assets.xcassets */,
				957936771EDD452200F73A09 /* LaunchScreen.storyboard */,
				9579367A1EDD452200F73A09 /* Info.plist */,
			);
			path = MapDistanceSwift;
			sourceTree = "<group>";
		};
/* End PBXGroup section */

/* Begin PBXNativeTarget section */
		9579366A1EDD452100F73A09 /* MapDistanceSwift */ = {
			isa = PBXNativeTarget;
			buildConfigurationList = 9579367D1EDD452200F73A09 /* Build configuration list for PBXNativeTarget "MapDistanceSwift" */;
			buildPhases = (
				957936671EDD452100F73A09 /* Sources */,
				957936681EDD452100F73A09 /* Frameworks */,
				957936691EDD452100F73A09 /* Resources */,
			);
			buildRules = (
			);
			dependencies = (
			);
			name = MapDistanceSwift;
			productName = MapDistanceSwift;
			productReference = 9579366B1EDD452100F73A09 /* MapDistanceSwift.app */;
			productType = "com.apple.product-type.application";
		};
/* End PBXNativeTarget section */

/* Begin PBXProject section */
		957936631EDD452100F73A09 /* Project object */ = {
			isa = PBXProject;
			attributes = {
				LastSwiftUpdateCheck = 0830;
				LastUpgradeCheck = 0830;
				ORGANIZATIONNAME = "Yogesh \U0010Padekar";
				TargetAttributes = {
					9579366A1EDD452100F73A09 = {
						CreatedOnToolsVersion = 8.3.2;
						ProvisioningStyle = Automatic;
					};
				};
			};
			buildConfigurationList = 957936661EDD452100F73A09 /* Build configuration list for PBXProject "MapDistanceSwift" */;
			compatibilityVersion = "Xcode 3.2";
			developmentRegion = English;
			hasScannedForEncodings = 0;
			knownRegions = (
				en,
				Base,
			);
			mainGroup = 957936621EDD452100F73A09;
			productRefGroup = 9579366C1EDD452100F73A09 /* Products */;
			projectDirPath = "";
			projectRoot = "";
			targets = (
				9579366A1EDD452100F73A09 /* MapDistanceSwift */,
			);
		};
/* End PBXProject section */

/* Begin PBXResourcesBuildPhase section */
		957936691EDD452100F73A09 /* Resources */ = {
			isa = PBXResourcesBuildPhase;
			buildActionMask = 2147483647;
			files = (
				957936791EDD452200F73A09 /* LaunchScreen.storyboard in Resources */,
				957936761EDD452200F73A09 /* Assets.xcassets in Resources */,
				957936831EDD4D4400F73A09 /* MyAnnotation.xib in Resources */,
				957936741EDD452200F73A09 /* Main.storyboard in Resources */,
			);
			runOnlyForDeploymentPostprocessing = 0;
		};
/* End PBXResourcesBuildPhase section */

/* Begin PBXSourcesBuildPhase section */
		957936671EDD452100F73A09 /* Sources */ = {
			isa = PBXSourcesBuildPhase;
			buildActionMask = 2147483647;
			files = (
				957936711EDD452200F73A09 /* ViewController.swift in Sources */,
				9579366F1EDD452200F73A09 /* AppDelegate.swift in Sources */,
				957936811EDD457600F73A09 /* MyAnnotation.swift in Sources */,
			);
			runOnlyForDeploymentPostprocessing = 0;
		};
/* End PBXSourcesBuildPhase section */

/* Begin PBXVariantGroup section */
		957936721EDD452200F73A09 /* Main.storyboard */ = {
			isa = PBXVariantGroup;
			children = (
				957936731EDD452200F73A09 /* Base */,
			);
			name = Main.storyboard;
			sourceTree = "<group>";
		};
		957936771EDD452200F73A09 /* LaunchScreen.storyboard */ = {
			isa = PBXVariantGroup;
			children = (
				957936781EDD452200F73A09 /* Base */,
			);
			name = LaunchScreen.storyboard;
			sourceTree = "<group>";
		};
/* End PBXVariantGroup section */

/* Begin XCBuildConfiguration section */
		9579367B1EDD452200F73A09 /* Debug */ = {
			isa = XCBuildConfiguration;
			buildSettings = {
				ALWAYS_SEARCH_USER_PATHS = NO;
				CLANG_ANALYZER_NONNULL = YES;
				CLANG_ANALYZER_NUMBER_OBJECT_CONVERSION = YES_AGGRESSIVE;
				CLANG_CXX_LANGUAGE_STANDARD = "gnu++0x";
				CLANG_CXX_LIBRARY = "libc++";
				CLANG_ENABLE_MODULES = YES;
				CLANG_ENABLE_OBJC_ARC = YES;
				CLANG_WARN_BOOL_CONVERSION = YES;
				CLANG_WARN_CONSTANT_CONVERSION = YES;
				CLANG_WARN_DIRECT_OBJC_ISA_USAGE = YES_ERROR;
				CLANG_WARN_DOCUMENTATION_COMMENTS = YES;
				CLANG_WARN_EMPTY_BODY = YES;
				CLANG_WARN_ENUM_CONVERSION = YES;
				CLANG_WARN_INFINITE_RECURSION = YES;
				CLANG_WARN_INT_CONVERSION = YES;
				CLANG_WARN_OBJC_ROOT_CLASS = YES_ERROR;
				CLANG_WARN_SUSPICIOUS_MOVE = YES;
				CLANG_WARN_UNREACHABLE_CODE = YES;
				CLANG_WARN__DUPLICATE_METHOD_MATCH = YES;
				"CODE_SIGN_IDENTITY[sdk=iphoneos*]" = "iPhone Developer";
				COPY_PHASE_STRIP = NO;
				DEBUG_INFORMATION_FORMAT = dwarf;
				ENABLE_STRICT_OBJC_MSGSEND = YES;
				ENABLE_TESTABILITY = YES;
				GCC_C_LANGUAGE_STANDARD = gnu99;
				GCC_DYNAMIC_NO_PIC = NO;
				GCC_NO_COMMON_BLOCKS = YES;
				GCC_OPTIMIZATION_LEVEL = 0;
				GCC_PREPROCESSOR_DEFINITIONS = (
					"DEBUG=1",
					"$(inherited)",
				);
				GCC_WARN_64_TO_32_BIT_CONVERSION = YES;
				GCC_WARN_ABOUT_RETURN_TYPE = YES_ERROR;
				GCC_WARN_UNDECLARED_SELECTOR = YES;
				GCC_WARN_UNINITIALIZED_AUTOS = YES_AGGRESSIVE;
				GCC_WARN_UNUSED_FUNCTION = YES;
				GCC_WARN_UNUSED_VARIABLE = YES;
				IPHONEOS_DEPLOYMENT_TARGET = 10.3;
				MTL_ENABLE_DEBUG_INFO = YES;
				ONLY_ACTIVE_ARCH = YES;
				SDKROOT = iphoneos;
				SWIFT_ACTIVE_COMPILATION_CONDITIONS = DEBUG;
				SWIFT_OPTIMIZATION_LEVEL = "-Onone";
			};
			name = Debug;
		};
		9579367C1EDD452200F73A09 /* Release */ = {
			isa = XCBuildConfiguration;
			buildSettings = {
				ALWAYS_SEARCH_USER_PATHS = NO;
				CLANG_ANALYZER_NONNULL = YES;
				CLANG_ANALYZER_NUMBER_OBJECT_CONVERSION = YES_AGGRESSIVE;
				CLANG_CXX_LANGUAGE_STANDARD = "gnu++0x";
				CLANG_CXX_LIBRARY = "libc++";
				CLANG_ENABLE_MODULES = YES;
				CLANG_ENABLE_OBJC_ARC = YES;
				CLANG_WARN_BOOL_CONVERSION = YES;
				CLANG_WARN_CONSTANT_CONVERSION = YES;
				CLANG_WARN_DIRECT_OBJC_ISA_USAGE = YES_ERROR;
				CLANG_WARN_DOCUMENTATION_COMMENTS = YES;
				CLANG_WARN_EMPTY_BODY = YES;
				CLANG_WARN_ENUM_CONVERSION = YES;
				CLANG_WARN_INFINITE_RECURSION = YES;
				CLANG_WARN_INT_CONVERSION = YES;
				CLANG_WARN_OBJC_ROOT_CLASS = YES_ERROR;
				CLANG_WARN_SUSPICIOUS_MOVE = YES;
				CLANG_WARN_UNREACHABLE_CODE = YES;
				CLANG_WARN__DUPLICATE_METHOD_MATCH = YES;
				"CODE_SIGN_IDENTITY[sdk=iphoneos*]" = "iPhone Developer";
				COPY_PHASE_STRIP = NO;
				DEBUG_INFORMATION_FORMAT = "dwarf-with-dsym";
				ENABLE_NS_ASSERTIONS = NO;
				ENABLE_STRICT_OBJC_MSGSEND = YES;
				GCC_C_LANGUAGE_STANDARD = gnu99;
				GCC_NO_COMMON_BLOCKS = YES;
				GCC_WARN_64_TO_32_BIT_CONVERSION = YES;
				GCC_WARN_ABOUT_RETURN_TYPE = YES_ERROR;
				GCC_WARN_UNDECLARED_SELECTOR = YES;
				GCC_WARN_UNINITIALIZED_AUTOS = YES_AGGRESSIVE;
				GCC_WARN_UNUSED_FUNCTION = YES;
				GCC_WARN_UNUSED_VARIABLE = YES;
				IPHONEOS_DEPLOYMENT_TARGET = 10.3;
				MTL_ENABLE_DEBUG_INFO = NO;
				SDKROOT = iphoneos;
				SWIFT_OPTIMIZATION_LEVEL = "-Owholemodule";
				VALIDATE_PRODUCT = YES;
			};
			name = Release;
		};
		9579367E1EDD452200F73A09 /* Debug */ = {
			isa = XCBuildConfiguration;
			buildSettings = {
				ASSETCATALOG_COMPILER_APPICON_NAME = AppIcon;
				INFOPLIST_FILE = MapDistanceSwift/Info.plist;
				LD_RUNPATH_SEARCH_PATHS = "$(inherited) @executable_path/Frameworks";
				PRODUCT_BUNDLE_IDENTIFIER = com.netwin.MapDistance.MapDistanceSwift;
				PRODUCT_NAME = "$(TARGET_NAME)";
				SWIFT_VERSION = 3.0;
			};
			name = Debug;
		};
		9579367F1EDD452200F73A09 /* Release */ = {
			isa = XCBuildConfiguration;
			buildSettings = {
				ASSETCATALOG_COMPILER_APPICON_NAME = AppIcon;
				INFOPLIST_FILE = MapDistanceSwift/Info.plist;
				LD_RUNPATH_SEARCH_PATHS = "$(inherited) @executable_path/Frameworks";
				PRODUCT_BUNDLE_IDENTIFIER = com.netwin.MapDistance.MapDistanceSwift;
				PRODUCT_NAME = "$(TARGET_NAME)";
				SWIFT_VERSION = 3.0;
			};
			name = Release;
		};
/* End XCBuildConfiguration section */

/* Begin XCConfigurationList section */
		957936661EDD452100F73A09 /* Build configuration list for PBXProject "MapDistanceSwift" */ = {
			isa = XCConfigurationList;
			buildConfigurations = (
				9579367B1EDD452200F73A09 /* Debug */,
				9579367C1EDD452200F73A09 /* Release */,
			);
			defaultConfigurationIsVisible = 0;
			defaultConfigurationName = Release;
		};
		9579367D1EDD452200F73A09 /* Build configuration list for PBXNativeTarget "MapDistanceSwift" */ = {
			isa = XCConfigurationList;
			buildConfigurations = (
				9579367E1EDD452200F73A09 /* Debug */,
				9579367F1EDD452200F73A09 /* Release */,
			);
			defaultConfigurationIsVisible = 0;
		};
/* End XCConfigurationList section */
	};
	rootObject = 957936631EDD452100F73A09 /* Project object */;
}
